GIT
  remote: git://github.com/groupbuddies/capistrano-middleman.git
  revision: a81d6ad9c74695d4b66ce82e5003f0d440fccbbb
  ref: a81d6ad9c74695d4b66ce82e5003f0d440fccbbb
  specs:
    capistrano-middleman (0.1.4)
      capistrano (~> 3)
      middleman (~> 3.3)
      rubyzip (~> 1.1.7)

GIT
  remote: git://github.com/vast/middleman-es6.git
  revision: a3f63cb33f0c6df923abbc9f03f3bda1c018a622
  specs:
    middleman-es6 (0.1.0)
      babel-transpiler
      middleman-core (>= 3.3.12, < 4.0)
      middleman-sprockets (> 3.3)

GEM
  remote: https://rubygems.org/
  specs:
    activesupport (4.1.10)
      i18n (~> 0.6, >= 0.6.9)
      json (~> 1.7, >= 1.7.7)
      minitest (~> 5.1)
      thread_safe (~> 0.1)
      tzinfo (~> 1.1)
    autoprefixer-rails (5.1.11)
      execjs
      json
    babel-source (5.4.3)
    babel-transpiler (0.7.0)
      babel-source (>= 4.0, < 6)
      execjs (~> 2.0)
    builder (3.2.2)
    capistrano (3.2.1)
      i18n
      rake (>= 10.0.0)
      sshkit (~> 1.3)
    celluloid (0.16.0)
      timers (~> 4.0.0)
    chunky_png (1.3.4)
    coderay (1.1.0)
    coffee-script (2.4.1)
      coffee-script-source
      execjs
    coffee-script-source (1.9.1.1)
    colorize (0.7.7)
    compass (1.0.3)
      chunky_png (~> 1.2)
      compass-core (~> 1.0.2)
      compass-import-once (~> 1.0.5)
      rb-fsevent (>= 0.9.3)
      rb-inotify (>= 0.9)
      sass (>= 3.3.13, < 3.5)
    compass-core (1.0.3)
      multi_json (~> 1.0)
      sass (>= 3.3.0, < 3.5)
    compass-import-once (1.0.5)
      sass (>= 3.2, < 3.5)
    dotenv (2.0.0)
    em-websocket (0.5.1)
      eventmachine (>= 0.12.9)
      http_parser.rb (~> 0.6.0)
    erubis (2.7.0)
    eventmachine (1.0.7)
    execjs (2.5.2)
    exifr (1.2.2)
    ffi (1.9.8)
    font-awesome-sass (4.3.2.1)
      sass (~> 3.2)
    fspath (2.1.1)
    haml (4.0.6)
      tilt
    hike (1.2.3)
    hitimes (1.2.2)
    hooks (0.4.0)
      uber (~> 0.0.4)
    http_parser.rb (0.6.0)
    i18n (0.7.0)
    image_optim (0.20.2)
      exifr (~> 1.1, >= 1.1.3)
      fspath (~> 2.1)
      image_size (~> 1.3)
      in_threads (~> 1.3)
      progress (~> 3.0, >= 3.0.1)
    image_optim_pack (0.2.1.20150422)
      fspath (~> 2.1)
      image_optim (~> 0.19)
    image_size (1.4.1)
    in_threads (1.3.1)
    json (1.8.2)
    kramdown (1.7.0)
    listen (2.10.0)
      celluloid (~> 0.16.0)
      rb-fsevent (>= 0.9.3)
      rb-inotify (>= 0.9)
    method_source (0.8.2)
    middleman (3.3.12)
      coffee-script (~> 2.2)
      compass (>= 1.0.0, < 2.0.0)
      compass-import-once (= 1.0.5)
      execjs (~> 2.0)
      haml (>= 4.0.5)
      kramdown (~> 1.2)
      middleman-core (= 3.3.12)
      middleman-sprockets (>= 3.1.2)
      sass (>= 3.4.0, < 4.0)
      uglifier (~> 2.5)
    middleman-autoprefixer (2.4.3)
      autoprefixer-rails (~> 5.1.3)
      middleman-core (>= 3.3.3)
    middleman-core (3.3.12)
      activesupport (~> 4.1.0)
      bundler (~> 1.1)
      erubis
      hooks (~> 0.3)
      i18n (~> 0.7.0)
      listen (>= 2.7.9, < 3.0)
      padrino-helpers (~> 0.12.3)
      rack (>= 1.4.5, < 2.0)
      rack-test (~> 0.6.2)
      thor (>= 0.15.2, < 2.0)
      tilt (~> 1.4.1, < 2.0)
    middleman-imageoptim (0.2.1)
      image_optim (~> 0.20.2)
      image_optim_pack (~> 0.2.1)
      middleman-core (>= 3.1)
    middleman-livereload (3.1.1)
      em-websocket (>= 0.2.0)
      middleman-core (>= 3.0.2)
      multi_json (~> 1.0)
      rack-livereload
    middleman-robots (1.0.1)
      middleman (~> 3.3)
    middleman-sprockets (3.4.2)
      middleman-core (>= 3.3)
      sprockets (~> 2.12.1)
      sprockets-helpers (~> 1.1.0)
      sprockets-sass (~> 1.3.0)
    minitest (5.6.1)
    multi_json (1.11.0)
    net-scp (1.2.1)
      net-ssh (>= 2.6.5)
    net-ssh (2.9.2)
    padrino-helpers (0.12.5)
      i18n (~> 0.6, >= 0.6.7)
      padrino-support (= 0.12.5)
      tilt (~> 1.4.1)
    padrino-support (0.12.5)
      activesupport (>= 3.1)
    progress (3.1.0)
    pry (0.10.1)
      coderay (~> 1.1.0)
      method_source (~> 0.8.1)
      slop (~> 3.4)
    rack (1.6.1)
    rack-livereload (0.3.15)
      rack
    rack-test (0.6.3)
      rack (>= 1.0)
    rainbow (2.0.0)
    rake (10.4.2)
    rb-fsevent (0.9.4)
    rb-inotify (0.9.5)
      ffi (>= 0.5.0)
    rubyzip (1.1.7)
    sass (3.4.13)
    scss_lint (0.38.0)
      rainbow (~> 2.0)
      sass (~> 3.4.1)
    slim (3.0.3)
      temple (~> 0.7.3)
      tilt (>= 1.3.3, < 2.1)
    slop (3.6.0)
    sprockets (2.12.3)
      hike (~> 1.2)
      multi_json (~> 1.0)
      rack (~> 1.0)
      tilt (~> 1.1, != 1.3.0)
    sprockets-helpers (1.1.0)
      sprockets (~> 2.0)
    sprockets-sass (1.3.1)
      sprockets (~> 2.0)
      tilt (~> 1.1)
    sshkit (1.7.1)
      colorize (>= 0.7.0)
      net-scp (>= 1.1.2)
      net-ssh (>= 2.8.0)
    temple (0.7.5)
    thor (0.19.1)
    thread_safe (0.3.5)
    tilt (1.4.1)
    timers (4.0.1)
      hitimes
    tzinfo (1.2.2)
      thread_safe (~> 0.1)
    uber (0.0.13)
    uglifier (2.7.1)
      execjs (>= 0.3.0)
      json (>= 1.8.0)

PLATFORMS
  ruby

DEPENDENCIES
  builder
  capistrano (~> 3.2.1)
  capistrano-middleman!
  dotenv
  font-awesome-sass
  middleman (~> 3.3.12)
  middleman-autoprefixer
  middleman-es6!
  middleman-imageoptim
  middleman-livereload (~> 3.1.0)
  middleman-robots
  pry
  rake
  scss_lint
  slim
